// !$*UTF8*$!
{
	archiveVersion = 1;
	classes = {
	};
	objectVersion = 50;
	objects = {

/* Begin PBXBuildFile section */
		FA518F0225831AF50003E405 /* AppDelegate.swift in Sources */ = {isa = PBXBuildFile; fileRef = FA518F0125831AF50003E405 /* AppDelegate.swift */; };
		FA518F0425831AF50003E405 /* SceneDelegate.swift in Sources */ = {isa = PBXBuildFile; fileRef = FA518F0325831AF50003E405 /* SceneDelegate.swift */; };
		FA518F0625831AF50003E405 /* ViewController.swift in Sources */ = {isa = PBXBuildFile; fileRef = FA518F0525831AF50003E405 /* ViewController.swift */; };
		FA518F0925831AF50003E405 /* Main.storyboard in Resources */ = {isa = PBXBuildFile; fileRef = FA518F0725831AF50003E405 /* Main.storyboard */; };
		FA518F0B25831AF80003E405 /* Assets.xcassets in Resources */ = {isa = PBXBuildFile; fileRef = FA518F0A25831AF80003E405 /* Assets.xcassets */; };
		FA518F0E25831AF80003E405 /* LaunchScreen.storyboard in Resources */ = {isa = PBXBuildFile; fileRef = FA518F0C25831AF80003E405 /* LaunchScreen.storyboard */; };
		FA518F1825835CCF0003E405 /* Game.swift in Sources */ = {isa = PBXBuildFile; fileRef = FA518F1725835CCF0003E405 /* Game.swift */; };
/* End PBXBuildFile section */

/* Begin PBXFileReference section */
		FA518EFE25831AF50003E405 /* Apple_Pie.app */ = {isa = PBXFileReference; explicitFileType = wrapper.application; includeInIndex = 0; path = Apple_Pie.app; sourceTree = BUILT_PRODUCTS_DIR; };
		FA518F0125831AF50003E405 /* AppDelegate.swift */ = {isa = PBXFileReference; lastKnownFileType = sourcecode.swift; path = AppDelegate.swift; sourceTree = "<group>"; };
		FA518F0325831AF50003E405 /* SceneDelegate.swift */ = {isa = PBXFileReference; lastKnownFileType = sourcecode.swift; path = SceneDelegate.swift; sourceTree = "<group>"; };
		FA518F0525831AF50003E405 /* ViewController.swift */ = {isa = PBXFileReference; lastKnownFileType = sourcecode.swift; path = ViewController.swift; sourceTree = "<group>"; };
		FA518F0825831AF50003E405 /* Base */ = {isa = PBXFileReference; lastKnownFileType = file.storyboard; name = Base; path = Base.lproj/Main.storyboard; sourceTree = "<group>"; };
		FA518F0A25831AF80003E405 /* Assets.xcassets */ = {isa = PBXFileReference; lastKnownFileType = folder.assetcatalog; path = Assets.xcassets; sourceTree = "<group>"; };
		FA518F0D25831AF80003E405 /* Base */ = {isa = PBXFileReference; lastKnownFileType = file.storyboard; name = Base; path = Base.lproj/LaunchScreen.storyboard; sourceTree = "<group>"; };
		FA518F0F25831AF80003E405 /* Info.plist */ = {isa = PBXFileReference; lastKnownFileType = text.plist.xml; path = Info.plist; sourceTree = "<group>"; };
		FA518F1725835CCF0003E405 /* Game.swift */ = {isa = PBXFileReference; lastKnownFileType = sourcecode.swift; path = Game.swift; sourceTree = "<group>"; };
/* End PBXFileReference section */

/* Begin PBXFrameworksBuildPhase section */
		FA518EFB25831AF50003E405 /* Frameworks */ = {
			isa = PBXFrameworksBuildPhase;
			buildActionMask = 2147483647;
			files = (
			);
			runOnlyForDeploymentPostprocessing = 0;
		};
/* End PBXFrameworksBuildPhase section */

/* Begin PBXGroup section */
		FA518EF525831AF50003E405 = {
			isa = PBXGroup;
			children = (
				FA518F0025831AF50003E405 /* Apple_Pie */,
				FA518EFF25831AF50003E405 /* Products */,
			);
			sourceTree = "<group>";
		};
		FA518EFF25831AF50003E405 /* Products */ = {
			isa = PBXGroup;
			children = (
				FA518EFE25831AF50003E405 /* Apple_Pie.app */,
			);
			name = Products;
			sourceTree = "<group>";
		};
		FA518F0025831AF50003E405 /* Apple_Pie */ = {
			isa = PBXGroup;
			children = (
				FA518F1725835CCF0003E405 /* Game.swift */,
				FA518F0125831AF50003E405 /* AppDelegate.swift */,
				FA518F0325831AF50003E405 /* SceneDelegate.swift */,
				FA518F0525831AF50003E405 /* ViewController.swift */,
				FA518F0725831AF50003E405 /* Main.storyboard */,
				FA518F0A25831AF80003E405 /* Assets.xcassets */,
				FA518F0C25831AF80003E405 /* LaunchScreen.storyboard */,
				FA518F0F25831AF80003E405 /* Info.plist */,
			);
			path = Apple_Pie;
			sourceTree = "<group>";
		};
/* End PBXGroup section */

/* Begin PBXNativeTarget section */
		FA518EFD25831AF50003E405 /* Apple_Pie */ = {
			isa = PBXNativeTarget;
			buildConfigurationList = FA518F1225831AF80003E405 /* Build configuration list for PBXNativeTarget "Apple_Pie" */;
			buildPhases = (
				FA518EFA25831AF50003E405 /* Sources */,
				FA518EFB25831AF50003E405 /* Frameworks */,
				FA518EFC25831AF50003E405 /* Resources */,
			);
			buildRules = (
			);
			dependencies = (
			);
			name = Apple_Pie;
			productName = Apple_Pie;
			productReference = FA518EFE25831AF50003E405 /* Apple_Pie.app */;
			productType = "com.apple.product-type.application";
		};
/* End PBXNativeTarget section */

/* Begin PBXProject section */
		FA518EF625831AF50003E405 /* Project object */ = {
			isa = PBXProject;
			attributes = {
				LastSwiftUpdateCheck = 1220;
				LastUpgradeCheck = 1220;
				TargetAttributes = {
					FA518EFD25831AF50003E405 = {
						CreatedOnToolsVersion = 12.2;
					};
				};
			};
			buildConfigurationList = FA518EF925831AF50003E405 /* Build configuration list for PBXProject "Apple_Pie" */;
			compatibilityVersion = "Xcode 9.3";
			developmentRegion = en;
			hasScannedForEncodings = 0;
			knownRegions = (
				en,
				Base,
			);
			mainGroup = FA518EF525831AF50003E405;
			productRefGroup = FA518EFF25831AF50003E405 /* Products */;
			projectDirPath = "";
			projectRoot = "";
			targets = (
				FA518EFD25831AF50003E405 /* Apple_Pie */,
			);
		};
/* End PBXProject section */

/* Begin PBXResourcesBuildPhase section */
		FA518EFC25831AF50003E405 /* Resources */ = {
			isa = PBXResourcesBuildPhase;
			buildActionMask = 2147483647;
			files = (
				FA518F0E25831AF80003E405 /* LaunchScreen.storyboard in Resources */,
				FA518F0B25831AF80003E405 /* Assets.xcassets in Resources */,
				FA518F0925831AF50003E405 /* Main.storyboard in Resources */,
			);
			runOnlyForDeploymentPostprocessing = 0;
		};
/* End PBXResourcesBuildPhase section */

/* Begin PBXSourcesBuildPhase section */
		FA518EFA25831AF50003E405 /* Sources */ = {
			isa = PBXSourcesBuildPhase;
			buildActionMask = 2147483647;
			files = (
				FA518F0625831AF50003E405 /* ViewController.swift in Sources */,
				FA518F0225831AF50003E405 /* AppDelegate.swift in Sources */,
				FA518F0425831AF50003E405 /* SceneDelegate.swift in Sources */,
				FA518F1825835CCF0003E405 /* Game.swift in Sources */,
			);
			runOnlyForDeploymentPostprocessing = 0;
		};
/* End PBXSourcesBuildPhase section */

/* Begin PBXVariantGroup section */
		FA518F0725831AF50003E405 /* Main.storyboard */ = {
			isa = PBXVariantGroup;
			children = (
				FA518F0825831AF50003E405 /* Base */,
			);
			name = Main.storyboard;
			sourceTree = "<group>";
		};
		FA518F0C25831AF80003E405 /* LaunchScreen.storyboard */ = {
			isa = PBXVariantGroup;
			children = (
				FA518F0D25831AF80003E405 /* Base */,
			);
			name = LaunchScreen.storyboard;
			sourceTree = "<group>";
		};
/* End PBXVariantGroup section */

/* Begin XCBuildConfiguration section */
		FA518F1025831AF80003E405 /* Debug */ = {
			isa = XCBuildConfiguration;
			buildSettings = {
				ALWAYS_SEARCH_USER_PATHS = NO;
				CLANG_ANALYZER_NONNULL = YES;
				CLANG_ANALYZER_NUMBER_OBJECT_CONVERSION = YES_AGGRESSIVE;
				CLANG_CXX_LANGUAGE_STANDARD = "gnu++14";
				CLANG_CXX_LIBRARY = "libc++";
				CLANG_ENABLE_MODULES = YES;
				CLANG_ENABLE_OBJC_ARC = YES;
				CLANG_ENABLE_OBJC_WEAK = YES;
				CLANG_WARN_BLOCK_CAPTURE_AUTORELEASING = YES;
				CLANG_WARN_BOOL_CONVERSION = YES;
				CLANG_WARN_COMMA = YES;
				CLANG_WARN_CONSTANT_CONVERSION = YES;
				CLANG_WARN_DEPRECATED_OBJC_IMPLEMENTATIONS = YES;
				CLANG_WARN_DIRECT_OBJC_ISA_USAGE = YES_ERROR;
				CLANG_WARN_DOCUMENTATION_COMMENTS = YES;
				CLANG_WARN_EMPTY_BODY = YES;
				CLANG_WARN_ENUM_CONVERSION = YES;
				CLANG_WARN_INFINITE_RECURSION = YES;
				CLANG_WARN_INT_CONVERSION = YES;
				CLANG_WARN_NON_LITERAL_NULL_CONVERSION = YES;
				CLANG_WARN_OBJC_IMPLICIT_RETAIN_SELF = YES;
				CLANG_WARN_OBJC_LITERAL_CONVERSION = YES;
				CLANG_WARN_OBJC_ROOT_CLASS = YES_ERROR;
				CLANG_WARN_QUOTED_INCLUDE_IN_FRAMEWORK_HEADER = YES;
				CLANG_WARN_RANGE_LOOP_ANALYSIS = YES;
				CLANG_WARN_STRICT_PROTOTYPES = YES;
				CLANG_WARN_SUSPICIOUS_MOVE = YES;
				CLANG_WARN_UNGUARDED_AVAILABILITY = YES_AGGRESSIVE;
				CLANG_WARN_UNREACHABLE_CODE = YES;
				CLANG_WARN__DUPLICATE_METHOD_MATCH = YES;
				COPY_PHASE_STRIP = NO;
				DEBUG_INFORMATION_FORMAT = dwarf;
				ENABLE_STRICT_OBJC_MSGSEND = YES;
				ENABLE_TESTABILITY = YES;
				GCC_C_LANGUAGE_STANDARD = gnu11;
				GCC_DYNAMIC_NO_PIC = NO;
				GCC_NO_COMMON_BLOCKS = YES;
				GCC_OPTIMIZATION_LEVEL = 0;
				GCC_PREPROCESSOR_DEFINITIONS = (
					"DEBUG=1",
					"$(inherited)",
				);
				GCC_WARN_64_TO_32_BIT_CONVERSION = YES;
				GCC_WARN_ABOUT_RETURN_TYPE = YES_ERROR;
				GCC_WARN_UNDECLARED_SELECTOR = YES;
				GCC_WARN_UNINITIALIZED_AUTOS = YES_AGGRESSIVE;
				GCC_WARN_UNUSED_FUNCTION = YES;
				GCC_WARN_UNUSED_VARIABLE = YES;
				IPHONEOS_DEPLOYMENT_TARGET = 14.2;
				MTL_ENABLE_DEBUG_INFO = INCLUDE_SOURCE;
				MTL_FAST_MATH = YES;
				ONLY_ACTIVE_ARCH = YES;
				SDKROOT = iphoneos;
				SWIFT_ACTIVE_COMPILATION_CONDITIONS = DEBUG;
				SWIFT_OPTIMIZATION_LEVEL = "-Onone";
			};
			name = Debug;
		};
		FA518F1125831AF80003E405 /* Release */ = {
			isa = XCBuildConfiguration;
			buildSettings = {
				ALWAYS_SEARCH_USER_PATHS = NO;
				CLANG_ANALYZER_NONNULL = YES;
				CLANG_ANALYZER_NUMBER_OBJECT_CONVERSION = YES_AGGRESSIVE;
				CLANG_CXX_LANGUAGE_STANDARD = "gnu++14";
				CLANG_CXX_LIBRARY = "libc++";
				CLANG_ENABLE_MODULES = YES;
				CLANG_ENABLE_OBJC_ARC = YES;
				CLANG_ENABLE_OBJC_WEAK = YES;
				CLANG_WARN_BLOCK_CAPTURE_AUTORELEASING = YES;
				CLANG_WARN_BOOL_CONVERSION = YES;
				CLANG_WARN_COMMA = YES;
				CLANG_WARN_CONSTANT_CONVERSION = YES;
				CLANG_WARN_DEPRECATED_OBJC_IMPLEMENTATIONS = YES;
				CLANG_WARN_DIRECT_OBJC_ISA_USAGE = YES_ERROR;
				CLANG_WARN_DOCUMENTATION_COMMENTS = YES;
				CLANG_WARN_EMPTY_BODY = YES;
				CLANG_WARN_ENUM_CONVERSION = YES;
				CLANG_WARN_INFINITE_RECURSION = YES;
				CLANG_WARN_INT_CONVERSION = YES;
				CLANG_WARN_NON_LITERAL_NULL_CONVERSION = YES;
				CLANG_WARN_OBJC_IMPLICIT_RETAIN_SELF = YES;
				CLANG_WARN_OBJC_LITERAL_CONVERSION = YES;
				CLANG_WARN_OBJC_ROOT_CLASS = YES_ERROR;
				CLANG_WARN_QUOTED_INCLUDE_IN_FRAMEWORK_HEADER = YES;
				CLANG_WARN_RANGE_LOOP_ANALYSIS = YES;
				CLANG_WARN_STRICT_PROTOTYPES = YES;
				CLANG_WARN_SUSPICIOUS_MOVE = YES;
				CLANG_WARN_UNGUARDED_AVAILABILITY = YES_AGGRESSIVE;
				CLANG_WARN_UNREACHABLE_CODE = YES;
				CLANG_WARN__DUPLICATE_METHOD_MATCH = YES;
				COPY_PHASE_STRIP = NO;
				DEBUG_INFORMATION_FORMAT = "dwarf-with-dsym";
				ENABLE_NS_ASSERTIONS = NO;
				ENABLE_STRICT_OBJC_MSGSEND = YES;
				GCC_C_LANGUAGE_STANDARD = gnu11;
				GCC_NO_COMMON_BLOCKS = YES;
				GCC_WARN_64_TO_32_BIT_CONVERSION = YES;
				GCC_WARN_ABOUT_RETURN_TYPE = YES_ERROR;
				GCC_WARN_UNDECLARED_SELECTOR = YES;
				GCC_WARN_UNINITIALIZED_AUTOS = YES_AGGRESSIVE;
				GCC_WARN_UNUSED_FUNCTION = YES;
				GCC_WARN_UNUSED_VARIABLE = YES;
				IPHONEOS_DEPLOYMENT_TARGET = 14.2;
				MTL_ENABLE_DEBUG_INFO = NO;
				MTL_FAST_MATH = YES;
				SDKROOT = iphoneos;
				SWIFT_COMPILATION_MODE = wholemodule;
				SWIFT_OPTIMIZATION_LEVEL = "-O";
				VALIDATE_PRODUCT = YES;
			};
			name = Release;
		};
		FA518F1325831AF80003E405 /* Debug */ = {
			isa = XCBuildConfiguration;
			buildSettings = {
				ASSETCATALOG_COMPILER_APPICON_NAME = AppIcon;
				ASSETCATALOG_COMPILER_GLOBAL_ACCENT_COLOR_NAME = AccentColor;
				CODE_SIGN_STYLE = Automatic;
				DEVELOPMENT_TEAM = W84RFLPT9M;
				INFOPLIST_FILE = Apple_Pie/Info.plist;
				LD_RUNPATH_SEARCH_PATHS = (
					"$(inherited)",
					"@executable_path/Frameworks",
				);
				PRODUCT_BUNDLE_IDENTIFIER = "com.dotinstall.Apple-Pie";
				PRODUCT_NAME = "$(TARGET_NAME)";
				SWIFT_VERSION = 5.0;
				TARGETED_DEVICE_FAMILY = 2;
			};
			name = Debug;
		};
		FA518F1425831AF80003E405 /* Release */ = {
			isa = XCBuildConfiguration;
			buildSettings = {
				ASSETCATALOG_COMPILER_APPICON_NAME = AppIcon;
				ASSETCATALOG_COMPILER_GLOBAL_ACCENT_COLOR_NAME = AccentColor;
				CODE_SIGN_STYLE = Automatic;
				DEVELOPMENT_TEAM = W84RFLPT9M;
				INFOPLIST_FILE = Apple_Pie/Info.plist;
				LD_RUNPATH_SEARCH_PATHS = (
					"$(inherited)",
					"@executable_path/Frameworks",
				);
				PRODUCT_BUNDLE_IDENTIFIER = "com.dotinstall.Apple-Pie";
				PRODUCT_NAME = "$(TARGET_NAME)";
				SWIFT_VERSION = 5.0;
				TARGETED_DEVICE_FAMILY = 2;
			};
			name = Release;
		};
/* End XCBuildConfiguration section */

/* Begin XCConfigurationList section */
		FA518EF925831AF50003E405 /* Build configuration list for PBXProject "Apple_Pie" */ = {
			isa = XCConfigurationList;
			buildConfigurations = (
				FA518F1025831AF80003E405 /* Debug */,
				FA518F1125831AF80003E405 /* Release */,
			);
			defaultConfigurationIsVisible = 0;
			defaultConfigurationName = Release;
		};
		FA518F1225831AF80003E405 /* Build configuration list for PBXNativeTarget "Apple_Pie" */ = {
			isa = XCConfigurationList;
			buildConfigurations = (
				FA518F1325831AF80003E405 /* Debug */,
				FA518F1425831AF80003E405 /* Release */,
			);
			defaultConfigurationIsVisible = 0;
			defaultConfigurationName = Release;
		};
/* End XCConfigurationList section */
	};
	rootObject = FA518EF625831AF50003E405 /* Project object */;
}
